{
  "lockfileVersion": 1,
  "configVersion": 1,
  "workspaces": {
    "": {
      "name": "aoc-2025",
      "dependencies": {
        "glpk.js": "^4.0.2",
        "heap-js": "^2.7.1",
        "jsts": "^2.12.1",
        "micro-memoize": "^5.1.1",
      },
      "devDependencies": {
        "@types/bun": "^1.3.3",
      },
      "peerDependencies": {
        "typescript": "^5",
      },
    },
  },
  "packages": {
    "@types/bun": ["@types/bun@1.3.3", "", { "dependencies": { "bun-types": "1.3.3" } }, "sha512-ogrKbJ2X5N0kWLLFKeytG0eHDleBYtngtlbu9cyBKFtNL3cnpDZkNdQj8flVf6WTZUX5ulI9AY1oa7ljhSrp+g=="],

    "@types/node": ["@types/node@24.10.1", "", { "dependencies": { "undici-types": "~7.16.0" } }, "sha512-GNWcUTRBgIRJD5zj+Tq0fKOJ5XZajIiBroOF0yvj2bSU1WvNdYS/dn9UxwsujGW4JX06dnHyjV2y9rRaybH0iQ=="],

    "bun-types": ["bun-types@1.3.3", "", { "dependencies": { "@types/node": "*" } }, "sha512-z3Xwlg7j2l9JY27x5Qn3Wlyos8YAp0kKRlrePAOjgjMGS5IG6E7Jnlx736vH9UVI4wUICwwhC9anYL++XeOgTQ=="],

    "fast-equals": ["fast-equals@5.4.0", "", {}, "sha512-jt2DW/aNFNwke7AUd+Z+e6pz39KO5rzdbbFCg2sGafS4mk13MI7Z8O5z9cADNn5lhGODIgLwug6TZO2ctf7kcw=="],

    "fast-stringify": ["fast-stringify@4.0.0", "", {}, "sha512-lE2DIivBaLysf6hK5WH/VfMgqRbvBVHcpGVVTmA5Zi8oWIjq9YxIt6lYGdUgP1HNSXxTIat7HEIDnrSvXSeKQw=="],

    "fastpriorityqueue": ["fastpriorityqueue@0.7.5", "", {}, "sha512-3Pa0n9gwy8yIbEsT3m2j/E9DXgWvvjfiZjjqcJ+AdNKTAlVMIuFYrYG5Y3RHEM8O6cwv9hOpOWY/NaMfywoQVA=="],

    "glpk.js": ["glpk.js@4.0.2", "", { "dependencies": { "pako": "^2.0.4" } }, "sha512-GADfTGaExp7C6JfBnBdx7SF80hxPO30VvLP9wpA6EhXgDj5/Oapm+gyF0EFEC7RrPX4JpfRI3TmAtlLckeQIXw=="],

    "heap-js": ["heap-js@2.7.1", "", {}, "sha512-EQfezRg0NCZGNlhlDR3Evrw1FVL2G3LhU7EgPoxufQKruNBSYA8MiRPHeWbU+36o+Fhel0wMwM+sLEiBAlNLJA=="],

    "jsts": ["jsts@2.12.1", "", { "dependencies": { "fastpriorityqueue": "^0.7.5" } }, "sha512-aaiCZeGfeU5o9TbrYF1KF0VvhGGLtG3w7vNynmaTjC8XRmS2v15lq+2Bxa8lMtprsFFJiIpAayJZguLruiHd0w=="],

    "micro-memoize": ["micro-memoize@5.1.1", "", { "dependencies": { "fast-equals": "^5.3.3", "fast-stringify": "^4.0.0" } }, "sha512-QDwluos8YeMijiKxZGwaV4f4tzj0soS6+xcsJhJ3+4wdEIHMyKbIKVUziebOgWX3e6yiijdoaHo+9tyhbnaWXA=="],

    "pako": ["pako@2.1.0", "", {}, "sha512-w+eufiZ1WuJYgPXbV/PO3NCMEc3xqylkKHzp8bxp1uW4qaSNQUkwmLLEc3kKsfz8lpV1F8Ht3U1Cm+9Srog2ug=="],

    "typescript": ["typescript@5.9.3", "", { "bin": { "tsc": "bin/tsc", "tsserver": "bin/tsserver" } }, "sha512-jl1vZzPDinLr9eUt3J/t7V6FgNEw9QjvBPdysz9KfQDD41fQrC2Y4vKQdiaUpFT4bXlb1RHhLpp8wtm6M5TgSw=="],

    "undici-types": ["undici-types@7.16.0", "", {}, "sha512-Zz+aZWSj8LE6zoxD+xrjh4VfkIG8Ya6LvYkZqtUQGJPZjYl53ypCaUwWqo7eI0x66KBGeRo+mlBEkMSeSZ38Nw=="],
  }
}
